{
  "object": {
    "pins": [
      {
        "package": "AoCTools",
        "repositoryURL": "https://github.com/gereons/AoCTools",
        "state": {
          "branch": null,
          "revision": "489d62525176100b8e35108d6a5b002df3c25ea8",
          "version": "0.0.13"
        }
      }
    ]
  },
  "version": 1
}
