{
  "object": {
    "pins": [
      {
        "package": "AoCTools",
        "repositoryURL": "https://github.com/gereons/AoCTools",
        "state": {
          "branch": null,
          "revision": "02fe8036c77b9419f0a7ce72da7829397d0cf962",
          "version": "0.0.18"
        }
      }
    ]
  },
  "version": 1
}
