{
  "object": {
    "pins": [
      {
        "package": "AoCTools",
        "repositoryURL": "https://github.com/gereons/AoCTools",
        "state": {
          "branch": null,
          "revision": "c474c1d22614ea68f6aa3e0a544534a1eacfbbe7",
          "version": "0.0.11"
        }
      }
    ]
  },
  "version": 1
}
